// !$*UTF8*$!
{
	archiveVersion = 1;
	classes = {
	};
	objectVersion = 50;
	objects = {

/* Begin PBXBuildFile section */
		8426BDA825EBC63800647CFB /* PhotoTableViewCell.swift in Sources */ = {isa = PBXBuildFile; fileRef = 8426BDA725EBC63800647CFB /* PhotoTableViewCell.swift */; };
		8426BDAB25EBC9ED00647CFB /* Photo.swift in Sources */ = {isa = PBXBuildFile; fileRef = 8426BDAA25EBC9ED00647CFB /* Photo.swift */; };
		8426BDAF25EBCB8B00647CFB /* getDocumentsDirectory.swift in Sources */ = {isa = PBXBuildFile; fileRef = 8426BDAE25EBCB8B00647CFB /* getDocumentsDirectory.swift */; };
		8426BDB425EC106400647CFB /* DetailViewController.swift in Sources */ = {isa = PBXBuildFile; fileRef = 8426BDB325EC106400647CFB /* DetailViewController.swift */; };
		8429CD5925EBB9A8000FA87E /* AppDelegate.swift in Sources */ = {isa = PBXBuildFile; fileRef = 8429CD5825EBB9A8000FA87E /* AppDelegate.swift */; };
		8429CD5B25EBB9A8000FA87E /* SceneDelegate.swift in Sources */ = {isa = PBXBuildFile; fileRef = 8429CD5A25EBB9A8000FA87E /* SceneDelegate.swift */; };
		8429CD5D25EBB9A8000FA87E /* ViewController.swift in Sources */ = {isa = PBXBuildFile; fileRef = 8429CD5C25EBB9A8000FA87E /* ViewController.swift */; };
		8429CD6025EBB9A8000FA87E /* Main.storyboard in Resources */ = {isa = PBXBuildFile; fileRef = 8429CD5E25EBB9A8000FA87E /* Main.storyboard */; };
		8429CD6225EBB9A8000FA87E /* Assets.xcassets in Resources */ = {isa = PBXBuildFile; fileRef = 8429CD6125EBB9A8000FA87E /* Assets.xcassets */; };
		8429CD6525EBB9A8000FA87E /* LaunchScreen.storyboard in Resources */ = {isa = PBXBuildFile; fileRef = 8429CD6325EBB9A8000FA87E /* LaunchScreen.storyboard */; };
/* End PBXBuildFile section */

/* Begin PBXFileReference section */
		8426BDA725EBC63800647CFB /* PhotoTableViewCell.swift */ = {isa = PBXFileReference; lastKnownFileType = sourcecode.swift; path = PhotoTableViewCell.swift; sourceTree = "<group>"; };
		8426BDAA25EBC9ED00647CFB /* Photo.swift */ = {isa = PBXFileReference; lastKnownFileType = sourcecode.swift; path = Photo.swift; sourceTree = "<group>"; };
		8426BDAE25EBCB8B00647CFB /* getDocumentsDirectory.swift */ = {isa = PBXFileReference; lastKnownFileType = sourcecode.swift; path = getDocumentsDirectory.swift; sourceTree = "<group>"; };
		8426BDB325EC106400647CFB /* DetailViewController.swift */ = {isa = PBXFileReference; lastKnownFileType = sourcecode.swift; path = DetailViewController.swift; sourceTree = "<group>"; };
		8429CD5525EBB9A8000FA87E /* PhotosAndCaptions.app */ = {isa = PBXFileReference; explicitFileType = wrapper.application; includeInIndex = 0; path = PhotosAndCaptions.app; sourceTree = BUILT_PRODUCTS_DIR; };
		8429CD5825EBB9A8000FA87E /* AppDelegate.swift */ = {isa = PBXFileReference; lastKnownFileType = sourcecode.swift; path = AppDelegate.swift; sourceTree = "<group>"; };
		8429CD5A25EBB9A8000FA87E /* SceneDelegate.swift */ = {isa = PBXFileReference; lastKnownFileType = sourcecode.swift; path = SceneDelegate.swift; sourceTree = "<group>"; };
		8429CD5C25EBB9A8000FA87E /* ViewController.swift */ = {isa = PBXFileReference; lastKnownFileType = sourcecode.swift; path = ViewController.swift; sourceTree = "<group>"; };
		8429CD5F25EBB9A8000FA87E /* Base */ = {isa = PBXFileReference; lastKnownFileType = file.storyboard; name = Base; path = Base.lproj/Main.storyboard; sourceTree = "<group>"; };
		8429CD6125EBB9A8000FA87E /* Assets.xcassets */ = {isa = PBXFileReference; lastKnownFileType = folder.assetcatalog; path = Assets.xcassets; sourceTree = "<group>"; };
		8429CD6425EBB9A8000FA87E /* Base */ = {isa = PBXFileReference; lastKnownFileType = file.storyboard; name = Base; path = Base.lproj/LaunchScreen.storyboard; sourceTree = "<group>"; };
		8429CD6625EBB9A8000FA87E /* Info.plist */ = {isa = PBXFileReference; lastKnownFileType = text.plist.xml; path = Info.plist; sourceTree = "<group>"; };
/* End PBXFileReference section */

/* Begin PBXFrameworksBuildPhase section */
		8429CD5225EBB9A8000FA87E /* Frameworks */ = {
			isa = PBXFrameworksBuildPhase;
			buildActionMask = 2147483647;
			files = (
			);
			runOnlyForDeploymentPostprocessing = 0;
		};
/* End PBXFrameworksBuildPhase section */

/* Begin PBXGroup section */
		8426BDAD25EBCB7A00647CFB /* Util */ = {
			isa = PBXGroup;
			children = (
				8426BDAE25EBCB8B00647CFB /* getDocumentsDirectory.swift */,
			);
			path = Util;
			sourceTree = "<group>";
		};
		8429CD4C25EBB9A8000FA87E = {
			isa = PBXGroup;
			children = (
				8429CD5725EBB9A8000FA87E /* PhotosAndCaptions */,
				8429CD5625EBB9A8000FA87E /* Products */,
			);
			sourceTree = "<group>";
		};
		8429CD5625EBB9A8000FA87E /* Products */ = {
			isa = PBXGroup;
			children = (
				8429CD5525EBB9A8000FA87E /* PhotosAndCaptions.app */,
			);
			name = Products;
			sourceTree = "<group>";
		};
		8429CD5725EBB9A8000FA87E /* PhotosAndCaptions */ = {
			isa = PBXGroup;
			children = (
				8426BDAD25EBCB7A00647CFB /* Util */,
				8429CD5825EBB9A8000FA87E /* AppDelegate.swift */,
				8429CD5A25EBB9A8000FA87E /* SceneDelegate.swift */,
				8426BDAA25EBC9ED00647CFB /* Photo.swift */,
				8429CD5C25EBB9A8000FA87E /* ViewController.swift */,
				8429CD5E25EBB9A8000FA87E /* Main.storyboard */,
				8426BDB325EC106400647CFB /* DetailViewController.swift */,
				8429CD6125EBB9A8000FA87E /* Assets.xcassets */,
				8429CD6325EBB9A8000FA87E /* LaunchScreen.storyboard */,
				8429CD6625EBB9A8000FA87E /* Info.plist */,
				8426BDA725EBC63800647CFB /* PhotoTableViewCell.swift */,
			);
			path = PhotosAndCaptions;
			sourceTree = "<group>";
		};
/* End PBXGroup section */

/* Begin PBXNativeTarget section */
		8429CD5425EBB9A8000FA87E /* PhotosAndCaptions */ = {
			isa = PBXNativeTarget;
			buildConfigurationList = 8429CD6925EBB9A8000FA87E /* Build configuration list for PBXNativeTarget "PhotosAndCaptions" */;
			buildPhases = (
				8429CD5125EBB9A8000FA87E /* Sources */,
				8429CD5225EBB9A8000FA87E /* Frameworks */,
				8429CD5325EBB9A8000FA87E /* Resources */,
			);
			buildRules = (
			);
			dependencies = (
			);
			name = PhotosAndCaptions;
			productName = PhotosAndCaptions;
			productReference = 8429CD5525EBB9A8000FA87E /* PhotosAndCaptions.app */;
			productType = "com.apple.product-type.application";
		};
/* End PBXNativeTarget section */

/* Begin PBXProject section */
		8429CD4D25EBB9A8000FA87E /* Project object */ = {
			isa = PBXProject;
			attributes = {
				LastSwiftUpdateCheck = 1240;
				LastUpgradeCheck = 1240;
				TargetAttributes = {
					8429CD5425EBB9A8000FA87E = {
						CreatedOnToolsVersion = 12.4;
					};
				};
			};
			buildConfigurationList = 8429CD5025EBB9A8000FA87E /* Build configuration list for PBXProject "PhotosAndCaptions" */;
			compatibilityVersion = "Xcode 9.3";
			developmentRegion = en;
			hasScannedForEncodings = 0;
			knownRegions = (
				en,
				Base,
			);
			mainGroup = 8429CD4C25EBB9A8000FA87E;
			productRefGroup = 8429CD5625EBB9A8000FA87E /* Products */;
			projectDirPath = "";
			projectRoot = "";
			targets = (
				8429CD5425EBB9A8000FA87E /* PhotosAndCaptions */,
			);
		};
/* End PBXProject section */

/* Begin PBXResourcesBuildPhase section */
		8429CD5325EBB9A8000FA87E /* Resources */ = {
			isa = PBXResourcesBuildPhase;
			buildActionMask = 2147483647;
			files = (
				8429CD6525EBB9A8000FA87E /* LaunchScreen.storyboard in Resources */,
				8429CD6225EBB9A8000FA87E /* Assets.xcassets in Resources */,
				8429CD6025EBB9A8000FA87E /* Main.storyboard in Resources */,
			);
			runOnlyForDeploymentPostprocessing = 0;
		};
/* End PBXResourcesBuildPhase section */

/* Begin PBXSourcesBuildPhase section */
		8429CD5125EBB9A8000FA87E /* Sources */ = {
			isa = PBXSourcesBuildPhase;
			buildActionMask = 2147483647;
			files = (
				8426BDA825EBC63800647CFB /* PhotoTableViewCell.swift in Sources */,
				8426BDAF25EBCB8B00647CFB /* getDocumentsDirectory.swift in Sources */,
				8429CD5D25EBB9A8000FA87E /* ViewController.swift in Sources */,
				8429CD5925EBB9A8000FA87E /* AppDelegate.swift in Sources */,
				8429CD5B25EBB9A8000FA87E /* SceneDelegate.swift in Sources */,
				8426BDAB25EBC9ED00647CFB /* Photo.swift in Sources */,
				8426BDB425EC106400647CFB /* DetailViewController.swift in Sources */,
			);
			runOnlyForDeploymentPostprocessing = 0;
		};
/* End PBXSourcesBuildPhase section */

/* Begin PBXVariantGroup section */
		8429CD5E25EBB9A8000FA87E /* Main.storyboard */ = {
			isa = PBXVariantGroup;
			children = (
				8429CD5F25EBB9A8000FA87E /* Base */,
			);
			name = Main.storyboard;
			sourceTree = "<group>";
		};
		8429CD6325EBB9A8000FA87E /* LaunchScreen.storyboard */ = {
			isa = PBXVariantGroup;
			children = (
				8429CD6425EBB9A8000FA87E /* Base */,
			);
			name = LaunchScreen.storyboard;
			sourceTree = "<group>";
		};
/* End PBXVariantGroup section */

/* Begin XCBuildConfiguration section */
		8429CD6725EBB9A8000FA87E /* Debug */ = {
			isa = XCBuildConfiguration;
			buildSettings = {
				ALWAYS_SEARCH_USER_PATHS = NO;
				CLANG_ANALYZER_NONNULL = YES;
				CLANG_ANALYZER_NUMBER_OBJECT_CONVERSION = YES_AGGRESSIVE;
				CLANG_CXX_LANGUAGE_STANDARD = "gnu++14";
				CLANG_CXX_LIBRARY = "libc++";
				CLANG_ENABLE_MODULES = YES;
				CLANG_ENABLE_OBJC_ARC = YES;
				CLANG_ENABLE_OBJC_WEAK = YES;
				CLANG_WARN_BLOCK_CAPTURE_AUTORELEASING = YES;
				CLANG_WARN_BOOL_CONVERSION = YES;
				CLANG_WARN_COMMA = YES;
				CLANG_WARN_CONSTANT_CONVERSION = YES;
				CLANG_WARN_DEPRECATED_OBJC_IMPLEMENTATIONS = YES;
				CLANG_WARN_DIRECT_OBJC_ISA_USAGE = YES_ERROR;
				CLANG_WARN_DOCUMENTATION_COMMENTS = YES;
				CLANG_WARN_EMPTY_BODY = YES;
				CLANG_WARN_ENUM_CONVERSION = YES;
				CLANG_WARN_INFINITE_RECURSION = YES;
				CLANG_WARN_INT_CONVERSION = YES;
				CLANG_WARN_NON_LITERAL_NULL_CONVERSION = YES;
				CLANG_WARN_OBJC_IMPLICIT_RETAIN_SELF = YES;
				CLANG_WARN_OBJC_LITERAL_CONVERSION = YES;
				CLANG_WARN_OBJC_ROOT_CLASS = YES_ERROR;
				CLANG_WARN_QUOTED_INCLUDE_IN_FRAMEWORK_HEADER = YES;
				CLANG_WARN_RANGE_LOOP_ANALYSIS = YES;
				CLANG_WARN_STRICT_PROTOTYPES = YES;
				CLANG_WARN_SUSPICIOUS_MOVE = YES;
				CLANG_WARN_UNGUARDED_AVAILABILITY = YES_AGGRESSIVE;
				CLANG_WARN_UNREACHABLE_CODE = YES;
				CLANG_WARN__DUPLICATE_METHOD_MATCH = YES;
				COPY_PHASE_STRIP = NO;
				DEBUG_INFORMATION_FORMAT = dwarf;
				ENABLE_STRICT_OBJC_MSGSEND = YES;
				ENABLE_TESTABILITY = YES;
				GCC_C_LANGUAGE_STANDARD = gnu11;
				GCC_DYNAMIC_NO_PIC = NO;
				GCC_NO_COMMON_BLOCKS = YES;
				GCC_OPTIMIZATION_LEVEL = 0;
				GCC_PREPROCESSOR_DEFINITIONS = (
					"DEBUG=1",
					"$(inherited)",
				);
				GCC_WARN_64_TO_32_BIT_CONVERSION = YES;
				GCC_WARN_ABOUT_RETURN_TYPE = YES_ERROR;
				GCC_WARN_UNDECLARED_SELECTOR = YES;
				GCC_WARN_UNINITIALIZED_AUTOS = YES_AGGRESSIVE;
				GCC_WARN_UNUSED_FUNCTION = YES;
				GCC_WARN_UNUSED_VARIABLE = YES;
				IPHONEOS_DEPLOYMENT_TARGET = 14.4;
				MTL_ENABLE_DEBUG_INFO = INCLUDE_SOURCE;
				MTL_FAST_MATH = YES;
				ONLY_ACTIVE_ARCH = YES;
				SDKROOT = iphoneos;
				SWIFT_ACTIVE_COMPILATION_CONDITIONS = DEBUG;
				SWIFT_OPTIMIZATION_LEVEL = "-Onone";
			};
			name = Debug;
		};
		8429CD6825EBB9A8000FA87E /* Release */ = {
			isa = XCBuildConfiguration;
			buildSettings = {
				ALWAYS_SEARCH_USER_PATHS = NO;
				CLANG_ANALYZER_NONNULL = YES;
				CLANG_ANALYZER_NUMBER_OBJECT_CONVERSION = YES_AGGRESSIVE;
				CLANG_CXX_LANGUAGE_STANDARD = "gnu++14";
				CLANG_CXX_LIBRARY = "libc++";
				CLANG_ENABLE_MODULES = YES;
				CLANG_ENABLE_OBJC_ARC = YES;
				CLANG_ENABLE_OBJC_WEAK = YES;
				CLANG_WARN_BLOCK_CAPTURE_AUTORELEASING = YES;
				CLANG_WARN_BOOL_CONVERSION = YES;
				CLANG_WARN_COMMA = YES;
				CLANG_WARN_CONSTANT_CONVERSION = YES;
				CLANG_WARN_DEPRECATED_OBJC_IMPLEMENTATIONS = YES;
				CLANG_WARN_DIRECT_OBJC_ISA_USAGE = YES_ERROR;
				CLANG_WARN_DOCUMENTATION_COMMENTS = YES;
				CLANG_WARN_EMPTY_BODY = YES;
				CLANG_WARN_ENUM_CONVERSION = YES;
				CLANG_WARN_INFINITE_RECURSION = YES;
				CLANG_WARN_INT_CONVERSION = YES;
				CLANG_WARN_NON_LITERAL_NULL_CONVERSION = YES;
				CLANG_WARN_OBJC_IMPLICIT_RETAIN_SELF = YES;
				CLANG_WARN_OBJC_LITERAL_CONVERSION = YES;
				CLANG_WARN_OBJC_ROOT_CLASS = YES_ERROR;
				CLANG_WARN_QUOTED_INCLUDE_IN_FRAMEWORK_HEADER = YES;
				CLANG_WARN_RANGE_LOOP_ANALYSIS = YES;
				CLANG_WARN_STRICT_PROTOTYPES = YES;
				CLANG_WARN_SUSPICIOUS_MOVE = YES;
				CLANG_WARN_UNGUARDED_AVAILABILITY = YES_AGGRESSIVE;
				CLANG_WARN_UNREACHABLE_CODE = YES;
				CLANG_WARN__DUPLICATE_METHOD_MATCH = YES;
				COPY_PHASE_STRIP = NO;
				DEBUG_INFORMATION_FORMAT = "dwarf-with-dsym";
				ENABLE_NS_ASSERTIONS = NO;
				ENABLE_STRICT_OBJC_MSGSEND = YES;
				GCC_C_LANGUAGE_STANDARD = gnu11;
				GCC_NO_COMMON_BLOCKS = YES;
				GCC_WARN_64_TO_32_BIT_CONVERSION = YES;
				GCC_WARN_ABOUT_RETURN_TYPE = YES_ERROR;
				GCC_WARN_UNDECLARED_SELECTOR = YES;
				GCC_WARN_UNINITIALIZED_AUTOS = YES_AGGRESSIVE;
				GCC_WARN_UNUSED_FUNCTION = YES;
				GCC_WARN_UNUSED_VARIABLE = YES;
				IPHONEOS_DEPLOYMENT_TARGET = 14.4;
				MTL_ENABLE_DEBUG_INFO = NO;
				MTL_FAST_MATH = YES;
				SDKROOT = iphoneos;
				SWIFT_COMPILATION_MODE = wholemodule;
				SWIFT_OPTIMIZATION_LEVEL = "-O";
				VALIDATE_PRODUCT = YES;
			};
			name = Release;
		};
		8429CD6A25EBB9A8000FA87E /* Debug */ = {
			isa = XCBuildConfiguration;
			buildSettings = {
				ASSETCATALOG_COMPILER_APPICON_NAME = AppIcon;
				ASSETCATALOG_COMPILER_GLOBAL_ACCENT_COLOR_NAME = AccentColor;
				CODE_SIGN_STYLE = Automatic;
				DEVELOPMENT_TEAM = 8HS35WKYD8;
				INFOPLIST_FILE = PhotosAndCaptions/Info.plist;
				LD_RUNPATH_SEARCH_PATHS = (
					"$(inherited)",
					"@executable_path/Frameworks",
				);
				PRODUCT_BUNDLE_IDENTIFIER = joaoCervo.PhotosAndCaptions;
				PRODUCT_NAME = "$(TARGET_NAME)";
				SWIFT_VERSION = 5.0;
				TARGETED_DEVICE_FAMILY = "1,2";
			};
			name = Debug;
		};
		8429CD6B25EBB9A8000FA87E /* Release */ = {
			isa = XCBuildConfiguration;
			buildSettings = {
				ASSETCATALOG_COMPILER_APPICON_NAME = AppIcon;
				ASSETCATALOG_COMPILER_GLOBAL_ACCENT_COLOR_NAME = AccentColor;
				CODE_SIGN_STYLE = Automatic;
				DEVELOPMENT_TEAM = 8HS35WKYD8;
				INFOPLIST_FILE = PhotosAndCaptions/Info.plist;
				LD_RUNPATH_SEARCH_PATHS = (
					"$(inherited)",
					"@executable_path/Frameworks",
				);
				PRODUCT_BUNDLE_IDENTIFIER = joaoCervo.PhotosAndCaptions;
				PRODUCT_NAME = "$(TARGET_NAME)";
				SWIFT_VERSION = 5.0;
				TARGETED_DEVICE_FAMILY = "1,2";
			};
			name = Release;
		};
/* End XCBuildConfiguration section */

/* Begin XCConfigurationList section */
		8429CD5025EBB9A8000FA87E /* Build configuration list for PBXProject "PhotosAndCaptions" */ = {
			isa = XCConfigurationList;
			buildConfigurations = (
				8429CD6725EBB9A8000FA87E /* Debug */,
				8429CD6825EBB9A8000FA87E /* Release */,
			);
			defaultConfigurationIsVisible = 0;
			defaultConfigurationName = Release;
		};
		8429CD6925EBB9A8000FA87E /* Build configuration list for PBXNativeTarget "PhotosAndCaptions" */ = {
			isa = XCConfigurationList;
			buildConfigurations = (
				8429CD6A25EBB9A8000FA87E /* Debug */,
				8429CD6B25EBB9A8000FA87E /* Release */,
			);
			defaultConfigurationIsVisible = 0;
			defaultConfigurationName = Release;
		};
/* End XCConfigurationList section */
	};
	rootObject = 8429CD4D25EBB9A8000FA87E /* Project object */;
}
